
Microsoft Visual Studio Solution File, Format Version 12.00
# Visual Studio 16
Project("{FAE04EC0-301F-11D3-BF4B-00C04F79EFBC}") = "Unity.ProBuilder.Examples", "Unity.ProBuilder.Examples.csproj", "{FAB803F2-1526-825B-4C38-B86F27C0BFC2}"
EndProject
Project("{FAE04EC0-301F-11D3-BF4B-00C04F79EFBC}") = "Assembly-CSharp", "Assembly-CSharp.csproj", "{69C8168C-D984-1F36-3032-CC600E4E8E62}"
EndProject
Project("{FAE04EC0-301F-11D3-BF4B-00C04F79EFBC}") = "Assembly-CSharp-firstpass", "Assembly-CSharp-firstpass.csproj", "{7A383A42-9A84-7572-4CF1-A1F856799439}"
EndProject
Project("{FAE04EC0-301F-11D3-BF4B-00C04F79EFBC}") = "Unity.ProBuilder.Examples.Editor", "Unity.ProBuilder.Examples.Editor.csproj", "{C7B81630-7CFF-EC02-1150-3467F8215B3C}"
EndProject
Project("{FAE04EC0-301F-11D3-BF4B-00C04F79EFBC}") = "Assembly-CSharp-Editor-firstpass", "Assembly-CSharp-Editor-firstpass.csproj", "{7AE966BC-F006-B302-6881-B78D41689060}"
EndProject
Global
	GlobalSection(SolutionConfigurationPlatforms) = preSolution
		Debug|Any CPU = Debug|Any CPU
		Release|Any CPU = Release|Any CPU
	EndGlobalSection
	GlobalSection(ProjectConfigurationPlatforms) = postSolution
		{FAB803F2-1526-825B-4C38-B86F27C0BFC2}.Debug|Any CPU.ActiveCfg = Debug|Any CPU
		{FAB803F2-1526-825B-4C38-B86F27C0BFC2}.Debug|Any CPU.Build.0 = Debug|Any CPU
		{FAB803F2-1526-825B-4C38-B86F27C0BFC2}.Release|Any CPU.ActiveCfg = Release|Any CPU
		{FAB803F2-1526-825B-4C38-B86F27C0BFC2}.Release|Any CPU.Build.0 = Release|Any CPU
		{69C8168C-D984-1F36-3032-CC600E4E8E62}.Debug|Any CPU.ActiveCfg = Debug|Any CPU
		{69C8168C-D984-1F36-3032-CC600E4E8E62}.Debug|Any CPU.Build.0 = Debug|Any CPU
		{69C8168C-D984-1F36-3032-CC600E4E8E62}.Release|Any CPU.ActiveCfg = Release|Any CPU
		{69C8168C-D984-1F36-3032-CC600E4E8E62}.Release|Any CPU.Build.0 = Release|Any CPU
		{7A383A42-9A84-7572-4CF1-A1F856799439}.Debug|Any CPU.ActiveCfg = Debug|Any CPU
		{7A383A42-9A84-7572-4CF1-A1F856799439}.Debug|Any CPU.Build.0 = Debug|Any CPU
		{7A383A42-9A84-7572-4CF1-A1F856799439}.Release|Any CPU.ActiveCfg = Release|Any CPU
		{7A383A42-9A84-7572-4CF1-A1F856799439}.Release|Any CPU.Build.0 = Release|Any CPU
		{C7B81630-7CFF-EC02-1150-3467F8215B3C}.Debug|Any CPU.ActiveCfg = Debug|Any CPU
		{C7B81630-7CFF-EC02-1150-3467F8215B3C}.Debug|Any CPU.Build.0 = Debug|Any CPU
		{C7B81630-7CFF-EC02-1150-3467F8215B3C}.Release|Any CPU.ActiveCfg = Release|Any CPU
		{C7B81630-7CFF-EC02-1150-3467F8215B3C}.Release|Any CPU.Build.0 = Release|Any CPU
		{7AE966BC-F006-B302-6881-B78D41689060}.Debug|Any CPU.ActiveCfg = Debug|Any CPU
		{7AE966BC-F006-B302-6881-B78D41689060}.Debug|Any CPU.Build.0 = Debug|Any CPU
		{7AE966BC-F006-B302-6881-B78D41689060}.Release|Any CPU.ActiveCfg = Release|Any CPU
		{7AE966BC-F006-B302-6881-B78D41689060}.Release|Any CPU.Build.0 = Release|Any CPU
	EndGlobalSection
	GlobalSection(SolutionProperties) = preSolution
		HideSolutionNode = FALSE
	EndGlobalSection
EndGlobal
