
Microsoft Visual Studio Solution File, Format Version 12.00
# Visual Studio Version 16
VisualStudioVersion = 16.0.29509.3
MinimumVisualStudioVersion = 10.0.40219.1
Project("{FAE04EC0-301F-11D3-BF4B-00C04F79EFBC}") = "Jekal", "Jekal.csproj", "{4C626A8D-54B4-4283-8C45-F3E7AD0CABB2}"
EndProject
Project("{FAE04EC0-301F-11D3-BF4B-00C04F79EFBC}") = "Common", "..\Common\Common.csproj", "{4C6B0A33-3E8E-495B-B4E6-394DA2CC9C81}"
EndProject
Global
	GlobalSection(SolutionConfigurationPlatforms) = preSolution
		Debug|Any CPU = Debug|Any CPU
		Release|Any CPU = Release|Any CPU
	EndGlobalSection
	GlobalSection(ProjectConfigurationPlatforms) = postSolution
		{4C626A8D-54B4-4283-8C45-F3E7AD0CABB2}.Debug|Any CPU.ActiveCfg = Debug|Any CPU
		{4C626A8D-54B4-4283-8C45-F3E7AD0CABB2}.Debug|Any CPU.Build.0 = Debug|Any CPU
		{4C626A8D-54B4-4283-8C45-F3E7AD0CABB2}.Release|Any CPU.ActiveCfg = Release|Any CPU
		{4C626A8D-54B4-4283-8C45-F3E7AD0CABB2}.Release|Any CPU.Build.0 = Release|Any CPU
		{4C6B0A33-3E8E-495B-B4E6-394DA2CC9C81}.Debug|Any CPU.ActiveCfg = Debug|Any CPU
		{4C6B0A33-3E8E-495B-B4E6-394DA2CC9C81}.Debug|Any CPU.Build.0 = Debug|Any CPU
		{4C6B0A33-3E8E-495B-B4E6-394DA2CC9C81}.Release|Any CPU.ActiveCfg = Release|Any CPU
		{4C6B0A33-3E8E-495B-B4E6-394DA2CC9C81}.Release|Any CPU.Build.0 = Release|Any CPU
	EndGlobalSection
	GlobalSection(SolutionProperties) = preSolution
		HideSolutionNode = FALSE
	EndGlobalSection
	GlobalSection(ExtensibilityGlobals) = postSolution
		SolutionGuid = {F1AD13F7-18CF-4A1F-8834-83BE73B8E346}
	EndGlobalSection
EndGlobal
